// !$*UTF8*$!
{
	archiveVersion = 1;
	classes = {
	};
	objectVersion = 50;
	objects = {

/* Begin PBXBuildFile section */
		BD57203323D8B6C500E106CB /* AppDelegate.swift in Sources */ = {isa = PBXBuildFile; fileRef = BD57203223D8B6C500E106CB /* AppDelegate.swift */; };
		BD57203523D8B6C500E106CB /* ViewController.swift in Sources */ = {isa = PBXBuildFile; fileRef = BD57203423D8B6C500E106CB /* ViewController.swift */; };
		BD57203823D8B6C500E106CB /* Main.storyboard in Resources */ = {isa = PBXBuildFile; fileRef = BD57203623D8B6C500E106CB /* Main.storyboard */; };
		BD57203A23D8B6C600E106CB /* Assets.xcassets in Resources */ = {isa = PBXBuildFile; fileRef = BD57203923D8B6C600E106CB /* Assets.xcassets */; };
		BD57203D23D8B6C600E106CB /* LaunchScreen.storyboard in Resources */ = {isa = PBXBuildFile; fileRef = BD57203B23D8B6C600E106CB /* LaunchScreen.storyboard */; };
		BD57204823D8B6C600E106CB /* calculatorTests.swift in Sources */ = {isa = PBXBuildFile; fileRef = BD57204723D8B6C600E106CB /* calculatorTests.swift */; };
		BD57205323D8B6C600E106CB /* calculatorUITests.swift in Sources */ = {isa = PBXBuildFile; fileRef = BD57205223D8B6C600E106CB /* calculatorUITests.swift */; };
/* End PBXBuildFile section */

/* Begin PBXContainerItemProxy section */
		BD57204423D8B6C600E106CB /* PBXContainerItemProxy */ = {
			isa = PBXContainerItemProxy;
			containerPortal = BD57202723D8B6C500E106CB /* Project object */;
			proxyType = 1;
			remoteGlobalIDString = BD57202E23D8B6C500E106CB;
			remoteInfo = calculator;
		};
		BD57204F23D8B6C600E106CB /* PBXContainerItemProxy */ = {
			isa = PBXContainerItemProxy;
			containerPortal = BD57202723D8B6C500E106CB /* Project object */;
			proxyType = 1;
			remoteGlobalIDString = BD57202E23D8B6C500E106CB;
			remoteInfo = calculator;
		};
/* End PBXContainerItemProxy section */

/* Begin PBXFileReference section */
		BD57202F23D8B6C500E106CB /* calculator.app */ = {isa = PBXFileReference; explicitFileType = wrapper.application; includeInIndex = 0; path = calculator.app; sourceTree = BUILT_PRODUCTS_DIR; };
		BD57203223D8B6C500E106CB /* AppDelegate.swift */ = {isa = PBXFileReference; lastKnownFileType = sourcecode.swift; path = AppDelegate.swift; sourceTree = "<group>"; };
		BD57203423D8B6C500E106CB /* ViewController.swift */ = {isa = PBXFileReference; lastKnownFileType = sourcecode.swift; path = ViewController.swift; sourceTree = "<group>"; };
		BD57203723D8B6C500E106CB /* Base */ = {isa = PBXFileReference; lastKnownFileType = file.storyboard; name = Base; path = Base.lproj/Main.storyboard; sourceTree = "<group>"; };
		BD57203923D8B6C600E106CB /* Assets.xcassets */ = {isa = PBXFileReference; lastKnownFileType = folder.assetcatalog; path = Assets.xcassets; sourceTree = "<group>"; };
		BD57203C23D8B6C600E106CB /* Base */ = {isa = PBXFileReference; lastKnownFileType = file.storyboard; name = Base; path = Base.lproj/LaunchScreen.storyboard; sourceTree = "<group>"; };
		BD57203E23D8B6C600E106CB /* Info.plist */ = {isa = PBXFileReference; lastKnownFileType = text.plist.xml; path = Info.plist; sourceTree = "<group>"; };
		BD57204323D8B6C600E106CB /* calculatorTests.xctest */ = {isa = PBXFileReference; explicitFileType = wrapper.cfbundle; includeInIndex = 0; path = calculatorTests.xctest; sourceTree = BUILT_PRODUCTS_DIR; };
		BD57204723D8B6C600E106CB /* calculatorTests.swift */ = {isa = PBXFileReference; lastKnownFileType = sourcecode.swift; path = calculatorTests.swift; sourceTree = "<group>"; };
		BD57204923D8B6C600E106CB /* Info.plist */ = {isa = PBXFileReference; lastKnownFileType = text.plist.xml; path = Info.plist; sourceTree = "<group>"; };
		BD57204E23D8B6C600E106CB /* calculatorUITests.xctest */ = {isa = PBXFileReference; explicitFileType = wrapper.cfbundle; includeInIndex = 0; path = calculatorUITests.xctest; sourceTree = BUILT_PRODUCTS_DIR; };
		BD57205223D8B6C600E106CB /* calculatorUITests.swift */ = {isa = PBXFileReference; lastKnownFileType = sourcecode.swift; path = calculatorUITests.swift; sourceTree = "<group>"; };
		BD57205423D8B6C600E106CB /* Info.plist */ = {isa = PBXFileReference; lastKnownFileType = text.plist.xml; path = Info.plist; sourceTree = "<group>"; };
/* End PBXFileReference section */

/* Begin PBXFrameworksBuildPhase section */
		BD57202C23D8B6C500E106CB /* Frameworks */ = {
			isa = PBXFrameworksBuildPhase;
			buildActionMask = 2147483647;
			files = (
			);
			runOnlyForDeploymentPostprocessing = 0;
		};
		BD57204023D8B6C600E106CB /* Frameworks */ = {
			isa = PBXFrameworksBuildPhase;
			buildActionMask = 2147483647;
			files = (
			);
			runOnlyForDeploymentPostprocessing = 0;
		};
		BD57204B23D8B6C600E106CB /* Frameworks */ = {
			isa = PBXFrameworksBuildPhase;
			buildActionMask = 2147483647;
			files = (
			);
			runOnlyForDeploymentPostprocessing = 0;
		};
/* End PBXFrameworksBuildPhase section */

/* Begin PBXGroup section */
		BD57202623D8B6C500E106CB = {
			isa = PBXGroup;
			children = (
				BD57203123D8B6C500E106CB /* calculator */,
				BD57204623D8B6C600E106CB /* calculatorTests */,
				BD57205123D8B6C600E106CB /* calculatorUITests */,
				BD57203023D8B6C500E106CB /* Products */,
			);
			sourceTree = "<group>";
		};
		BD57203023D8B6C500E106CB /* Products */ = {
			isa = PBXGroup;
			children = (
				BD57202F23D8B6C500E106CB /* calculator.app */,
				BD57204323D8B6C600E106CB /* calculatorTests.xctest */,
				BD57204E23D8B6C600E106CB /* calculatorUITests.xctest */,
			);
			name = Products;
			sourceTree = "<group>";
		};
		BD57203123D8B6C500E106CB /* calculator */ = {
			isa = PBXGroup;
			children = (
				BD57203223D8B6C500E106CB /* AppDelegate.swift */,
				BD57203423D8B6C500E106CB /* ViewController.swift */,
				BD57203623D8B6C500E106CB /* Main.storyboard */,
				BD57203923D8B6C600E106CB /* Assets.xcassets */,
				BD57203B23D8B6C600E106CB /* LaunchScreen.storyboard */,
				BD57203E23D8B6C600E106CB /* Info.plist */,
			);
			path = calculator;
			sourceTree = "<group>";
		};
		BD57204623D8B6C600E106CB /* calculatorTests */ = {
			isa = PBXGroup;
			children = (
				BD57204723D8B6C600E106CB /* calculatorTests.swift */,
				BD57204923D8B6C600E106CB /* Info.plist */,
			);
			path = calculatorTests;
			sourceTree = "<group>";
		};
		BD57205123D8B6C600E106CB /* calculatorUITests */ = {
			isa = PBXGroup;
			children = (
				BD57205223D8B6C600E106CB /* calculatorUITests.swift */,
				BD57205423D8B6C600E106CB /* Info.plist */,
			);
			path = calculatorUITests;
			sourceTree = "<group>";
		};
/* End PBXGroup section */

/* Begin PBXNativeTarget section */
		BD57202E23D8B6C500E106CB /* calculator */ = {
			isa = PBXNativeTarget;
			buildConfigurationList = BD57205723D8B6C600E106CB /* Build configuration list for PBXNativeTarget "calculator" */;
			buildPhases = (
				BD57202B23D8B6C500E106CB /* Sources */,
				BD57202C23D8B6C500E106CB /* Frameworks */,
				BD57202D23D8B6C500E106CB /* Resources */,
			);
			buildRules = (
			);
			dependencies = (
			);
			name = calculator;
			productName = calculator;
			productReference = BD57202F23D8B6C500E106CB /* calculator.app */;
			productType = "com.apple.product-type.application";
		};
		BD57204223D8B6C600E106CB /* calculatorTests */ = {
			isa = PBXNativeTarget;
			buildConfigurationList = BD57205A23D8B6C600E106CB /* Build configuration list for PBXNativeTarget "calculatorTests" */;
			buildPhases = (
				BD57203F23D8B6C600E106CB /* Sources */,
				BD57204023D8B6C600E106CB /* Frameworks */,
				BD57204123D8B6C600E106CB /* Resources */,
			);
			buildRules = (
			);
			dependencies = (
				BD57204523D8B6C600E106CB /* PBXTargetDependency */,
			);
			name = calculatorTests;
			productName = calculatorTests;
			productReference = BD57204323D8B6C600E106CB /* calculatorTests.xctest */;
			productType = "com.apple.product-type.bundle.unit-test";
		};
		BD57204D23D8B6C600E106CB /* calculatorUITests */ = {
			isa = PBXNativeTarget;
			buildConfigurationList = BD57205D23D8B6C600E106CB /* Build configuration list for PBXNativeTarget "calculatorUITests" */;
			buildPhases = (
				BD57204A23D8B6C600E106CB /* Sources */,
				BD57204B23D8B6C600E106CB /* Frameworks */,
				BD57204C23D8B6C600E106CB /* Resources */,
			);
			buildRules = (
			);
			dependencies = (
				BD57205023D8B6C600E106CB /* PBXTargetDependency */,
			);
			name = calculatorUITests;
			productName = calculatorUITests;
			productReference = BD57204E23D8B6C600E106CB /* calculatorUITests.xctest */;
			productType = "com.apple.product-type.bundle.ui-testing";
		};
/* End PBXNativeTarget section */

/* Begin PBXProject section */
		BD57202723D8B6C500E106CB /* Project object */ = {
			isa = PBXProject;
			attributes = {
				LastSwiftUpdateCheck = 0940;
				LastUpgradeCheck = 0940;
				ORGANIZATIONNAME = "Morgan Ledot";
				TargetAttributes = {
					BD57202E23D8B6C500E106CB = {
						CreatedOnToolsVersion = 9.4.1;
					};
					BD57204223D8B6C600E106CB = {
						CreatedOnToolsVersion = 9.4.1;
						TestTargetID = BD57202E23D8B6C500E106CB;
					};
					BD57204D23D8B6C600E106CB = {
						CreatedOnToolsVersion = 9.4.1;
						TestTargetID = BD57202E23D8B6C500E106CB;
					};
				};
			};
			buildConfigurationList = BD57202A23D8B6C500E106CB /* Build configuration list for PBXProject "calculator" */;
			compatibilityVersion = "Xcode 9.3";
			developmentRegion = en;
			hasScannedForEncodings = 0;
			knownRegions = (
				en,
				Base,
			);
			mainGroup = BD57202623D8B6C500E106CB;
			productRefGroup = BD57203023D8B6C500E106CB /* Products */;
			projectDirPath = "";
			projectRoot = "";
			targets = (
				BD57202E23D8B6C500E106CB /* calculator */,
				BD57204223D8B6C600E106CB /* calculatorTests */,
				BD57204D23D8B6C600E106CB /* calculatorUITests */,
			);
		};
/* End PBXProject section */

/* Begin PBXResourcesBuildPhase section */
		BD57202D23D8B6C500E106CB /* Resources */ = {
			isa = PBXResourcesBuildPhase;
			buildActionMask = 2147483647;
			files = (
				BD57203D23D8B6C600E106CB /* LaunchScreen.storyboard in Resources */,
				BD57203A23D8B6C600E106CB /* Assets.xcassets in Resources */,
				BD57203823D8B6C500E106CB /* Main.storyboard in Resources */,
			);
			runOnlyForDeploymentPostprocessing = 0;
		};
		BD57204123D8B6C600E106CB /* Resources */ = {
			isa = PBXResourcesBuildPhase;
			buildActionMask = 2147483647;
			files = (
			);
			runOnlyForDeploymentPostprocessing = 0;
		};
		BD57204C23D8B6C600E106CB /* Resources */ = {
			isa = PBXResourcesBuildPhase;
			buildActionMask = 2147483647;
			files = (
			);
			runOnlyForDeploymentPostprocessing = 0;
		};
/* End PBXResourcesBuildPhase section */

/* Begin PBXSourcesBuildPhase section */
		BD57202B23D8B6C500E106CB /* Sources */ = {
			isa = PBXSourcesBuildPhase;
			buildActionMask = 2147483647;
			files = (
				BD57203523D8B6C500E106CB /* ViewController.swift in Sources */,
				BD57203323D8B6C500E106CB /* AppDelegate.swift in Sources */,
			);
			runOnlyForDeploymentPostprocessing = 0;
		};
		BD57203F23D8B6C600E106CB /* Sources */ = {
			isa = PBXSourcesBuildPhase;
			buildActionMask = 2147483647;
			files = (
				BD57204823D8B6C600E106CB /* calculatorTests.swift in Sources */,
			);
			runOnlyForDeploymentPostprocessing = 0;
		};
		BD57204A23D8B6C600E106CB /* Sources */ = {
			isa = PBXSourcesBuildPhase;
			buildActionMask = 2147483647;
			files = (
				BD57205323D8B6C600E106CB /* calculatorUITests.swift in Sources */,
			);
			runOnlyForDeploymentPostprocessing = 0;
		};
/* End PBXSourcesBuildPhase section */

/* Begin PBXTargetDependency section */
		BD57204523D8B6C600E106CB /* PBXTargetDependency */ = {
			isa = PBXTargetDependency;
			target = BD57202E23D8B6C500E106CB /* calculator */;
			targetProxy = BD57204423D8B6C600E106CB /* PBXContainerItemProxy */;
		};
		BD57205023D8B6C600E106CB /* PBXTargetDependency */ = {
			isa = PBXTargetDependency;
			target = BD57202E23D8B6C500E106CB /* calculator */;
			targetProxy = BD57204F23D8B6C600E106CB /* PBXContainerItemProxy */;
		};
/* End PBXTargetDependency section */

/* Begin PBXVariantGroup section */
		BD57203623D8B6C500E106CB /* Main.storyboard */ = {
			isa = PBXVariantGroup;
			children = (
				BD57203723D8B6C500E106CB /* Base */,
			);
			name = Main.storyboard;
			sourceTree = "<group>";
		};
		BD57203B23D8B6C600E106CB /* LaunchScreen.storyboard */ = {
			isa = PBXVariantGroup;
			children = (
				BD57203C23D8B6C600E106CB /* Base */,
			);
			name = LaunchScreen.storyboard;
			sourceTree = "<group>";
		};
/* End PBXVariantGroup section */

/* Begin XCBuildConfiguration section */
		BD57205523D8B6C600E106CB /* Debug */ = {
			isa = XCBuildConfiguration;
			buildSettings = {
				ALWAYS_SEARCH_USER_PATHS = NO;
				CLANG_ANALYZER_NONNULL = YES;
				CLANG_ANALYZER_NUMBER_OBJECT_CONVERSION = YES_AGGRESSIVE;
				CLANG_CXX_LANGUAGE_STANDARD = "gnu++14";
				CLANG_CXX_LIBRARY = "libc++";
				CLANG_ENABLE_MODULES = YES;
				CLANG_ENABLE_OBJC_ARC = YES;
				CLANG_ENABLE_OBJC_WEAK = YES;
				CLANG_WARN_BLOCK_CAPTURE_AUTORELEASING = YES;
				CLANG_WARN_BOOL_CONVERSION = YES;
				CLANG_WARN_COMMA = YES;
				CLANG_WARN_CONSTANT_CONVERSION = YES;
				CLANG_WARN_DEPRECATED_OBJC_IMPLEMENTATIONS = YES;
				CLANG_WARN_DIRECT_OBJC_ISA_USAGE = YES_ERROR;
				CLANG_WARN_DOCUMENTATION_COMMENTS = YES;
				CLANG_WARN_EMPTY_BODY = YES;
				CLANG_WARN_ENUM_CONVERSION = YES;
				CLANG_WARN_INFINITE_RECURSION = YES;
				CLANG_WARN_INT_CONVERSION = YES;
				CLANG_WARN_NON_LITERAL_NULL_CONVERSION = YES;
				CLANG_WARN_OBJC_IMPLICIT_RETAIN_SELF = YES;
				CLANG_WARN_OBJC_LITERAL_CONVERSION = YES;
				CLANG_WARN_OBJC_ROOT_CLASS = YES_ERROR;
				CLANG_WARN_RANGE_LOOP_ANALYSIS = YES;
				CLANG_WARN_STRICT_PROTOTYPES = YES;
				CLANG_WARN_SUSPICIOUS_MOVE = YES;
				CLANG_WARN_UNGUARDED_AVAILABILITY = YES_AGGRESSIVE;
				CLANG_WARN_UNREACHABLE_CODE = YES;
				CLANG_WARN__DUPLICATE_METHOD_MATCH = YES;
				CODE_SIGN_IDENTITY = "iPhone Developer";
				COPY_PHASE_STRIP = NO;
				DEBUG_INFORMATION_FORMAT = dwarf;
				ENABLE_STRICT_OBJC_MSGSEND = YES;
				ENABLE_TESTABILITY = YES;
				GCC_C_LANGUAGE_STANDARD = gnu11;
				GCC_DYNAMIC_NO_PIC = NO;
				GCC_NO_COMMON_BLOCKS = YES;
				GCC_OPTIMIZATION_LEVEL = 0;
				GCC_PREPROCESSOR_DEFINITIONS = (
					"DEBUG=1",
					"$(inherited)",
				);
				GCC_WARN_64_TO_32_BIT_CONVERSION = YES;
				GCC_WARN_ABOUT_RETURN_TYPE = YES_ERROR;
				GCC_WARN_UNDECLARED_SELECTOR = YES;
				GCC_WARN_UNINITIALIZED_AUTOS = YES_AGGRESSIVE;
				GCC_WARN_UNUSED_FUNCTION = YES;
				GCC_WARN_UNUSED_VARIABLE = YES;
				IPHONEOS_DEPLOYMENT_TARGET = 11.4;
				MTL_ENABLE_DEBUG_INFO = YES;
				ONLY_ACTIVE_ARCH = YES;
				SDKROOT = iphoneos;
				SWIFT_ACTIVE_COMPILATION_CONDITIONS = DEBUG;
				SWIFT_OPTIMIZATION_LEVEL = "-Onone";
			};
			name = Debug;
		};
		BD57205623D8B6C600E106CB /* Release */ = {
			isa = XCBuildConfiguration;
			buildSettings = {
				ALWAYS_SEARCH_USER_PATHS = NO;
				CLANG_ANALYZER_NONNULL = YES;
				CLANG_ANALYZER_NUMBER_OBJECT_CONVERSION = YES_AGGRESSIVE;
				CLANG_CXX_LANGUAGE_STANDARD = "gnu++14";
				CLANG_CXX_LIBRARY = "libc++";
				CLANG_ENABLE_MODULES = YES;
				CLANG_ENABLE_OBJC_ARC = YES;
				CLANG_ENABLE_OBJC_WEAK = YES;
				CLANG_WARN_BLOCK_CAPTURE_AUTORELEASING = YES;
				CLANG_WARN_BOOL_CONVERSION = YES;
				CLANG_WARN_COMMA = YES;
				CLANG_WARN_CONSTANT_CONVERSION = YES;
				CLANG_WARN_DEPRECATED_OBJC_IMPLEMENTATIONS = YES;
				CLANG_WARN_DIRECT_OBJC_ISA_USAGE = YES_ERROR;
				CLANG_WARN_DOCUMENTATION_COMMENTS = YES;
				CLANG_WARN_EMPTY_BODY = YES;
				CLANG_WARN_ENUM_CONVERSION = YES;
				CLANG_WARN_INFINITE_RECURSION = YES;
				CLANG_WARN_INT_CONVERSION = YES;
				CLANG_WARN_NON_LITERAL_NULL_CONVERSION = YES;
				CLANG_WARN_OBJC_IMPLICIT_RETAIN_SELF = YES;
				CLANG_WARN_OBJC_LITERAL_CONVERSION = YES;
				CLANG_WARN_OBJC_ROOT_CLASS = YES_ERROR;
				CLANG_WARN_RANGE_LOOP_ANALYSIS = YES;
				CLANG_WARN_STRICT_PROTOTYPES = YES;
				CLANG_WARN_SUSPICIOUS_MOVE = YES;
				CLANG_WARN_UNGUARDED_AVAILABILITY = YES_AGGRESSIVE;
				CLANG_WARN_UNREACHABLE_CODE = YES;
				CLANG_WARN__DUPLICATE_METHOD_MATCH = YES;
				CODE_SIGN_IDENTITY = "iPhone Developer";
				COPY_PHASE_STRIP = NO;
				DEBUG_INFORMATION_FORMAT = "dwarf-with-dsym";
				ENABLE_NS_ASSERTIONS = NO;
				ENABLE_STRICT_OBJC_MSGSEND = YES;
				GCC_C_LANGUAGE_STANDARD = gnu11;
				GCC_NO_COMMON_BLOCKS = YES;
				GCC_WARN_64_TO_32_BIT_CONVERSION = YES;
				GCC_WARN_ABOUT_RETURN_TYPE = YES_ERROR;
				GCC_WARN_UNDECLARED_SELECTOR = YES;
				GCC_WARN_UNINITIALIZED_AUTOS = YES_AGGRESSIVE;
				GCC_WARN_UNUSED_FUNCTION = YES;
				GCC_WARN_UNUSED_VARIABLE = YES;
				IPHONEOS_DEPLOYMENT_TARGET = 11.4;
				MTL_ENABLE_DEBUG_INFO = NO;
				SDKROOT = iphoneos;
				SWIFT_COMPILATION_MODE = wholemodule;
				SWIFT_OPTIMIZATION_LEVEL = "-O";
				VALIDATE_PRODUCT = YES;
			};
			name = Release;
		};
		BD57205823D8B6C600E106CB /* Debug */ = {
			isa = XCBuildConfiguration;
			buildSettings = {
				ASSETCATALOG_COMPILER_APPICON_NAME = AppIcon;
				CODE_SIGN_STYLE = Automatic;
				DEVELOPMENT_TEAM = 2RS77W5P49;
				INFOPLIST_FILE = calculator/Info.plist;
				LD_RUNPATH_SEARCH_PATHS = (
					"$(inherited)",
					"@executable_path/Frameworks",
				);
				PRODUCT_BUNDLE_IDENTIFIER = bob.calculator;
				PRODUCT_NAME = "$(TARGET_NAME)";
				SWIFT_VERSION = 4.0;
				TARGETED_DEVICE_FAMILY = "1,2";
			};
			name = Debug;
		};
		BD57205923D8B6C600E106CB /* Release */ = {
			isa = XCBuildConfiguration;
			buildSettings = {
				ASSETCATALOG_COMPILER_APPICON_NAME = AppIcon;
				CODE_SIGN_STYLE = Automatic;
				DEVELOPMENT_TEAM = 2RS77W5P49;
				INFOPLIST_FILE = calculator/Info.plist;
				LD_RUNPATH_SEARCH_PATHS = (
					"$(inherited)",
					"@executable_path/Frameworks",
				);
				PRODUCT_BUNDLE_IDENTIFIER = bob.calculator;
				PRODUCT_NAME = "$(TARGET_NAME)";
				SWIFT_VERSION = 4.0;
				TARGETED_DEVICE_FAMILY = "1,2";
			};
			name = Release;
		};
		BD57205B23D8B6C600E106CB /* Debug */ = {
			isa = XCBuildConfiguration;
			buildSettings = {
				ALWAYS_EMBED_SWIFT_STANDARD_LIBRARIES = YES;
				BUNDLE_LOADER = "$(TEST_HOST)";
				CODE_SIGN_STYLE = Automatic;
				DEVELOPMENT_TEAM = 2RS77W5P49;
				INFOPLIST_FILE = calculatorTests/Info.plist;
				LD_RUNPATH_SEARCH_PATHS = (
					"$(inherited)",
					"@executable_path/Frameworks",
					"@loader_path/Frameworks",
				);
				PRODUCT_BUNDLE_IDENTIFIER = bob.calculatorTests;
				PRODUCT_NAME = "$(TARGET_NAME)";
				SWIFT_VERSION = 4.0;
				TARGETED_DEVICE_FAMILY = "1,2";
				TEST_HOST = "$(BUILT_PRODUCTS_DIR)/calculator.app/calculator";
			};
			name = Debug;
		};
		BD57205C23D8B6C600E106CB /* Release */ = {
			isa = XCBuildConfiguration;
			buildSettings = {
				ALWAYS_EMBED_SWIFT_STANDARD_LIBRARIES = YES;
				BUNDLE_LOADER = "$(TEST_HOST)";
				CODE_SIGN_STYLE = Automatic;
				DEVELOPMENT_TEAM = 2RS77W5P49;
				INFOPLIST_FILE = calculatorTests/Info.plist;
				LD_RUNPATH_SEARCH_PATHS = (
					"$(inherited)",
					"@executable_path/Frameworks",
					"@loader_path/Frameworks",
				);
				PRODUCT_BUNDLE_IDENTIFIER = bob.calculatorTests;
				PRODUCT_NAME = "$(TARGET_NAME)";
				SWIFT_VERSION = 4.0;
				TARGETED_DEVICE_FAMILY = "1,2";
				TEST_HOST = "$(BUILT_PRODUCTS_DIR)/calculator.app/calculator";
			};
			name = Release;
		};
		BD57205E23D8B6C600E106CB /* Debug */ = {
			isa = XCBuildConfiguration;
			buildSettings = {
				ALWAYS_EMBED_SWIFT_STANDARD_LIBRARIES = YES;
				CODE_SIGN_STYLE = Automatic;
				DEVELOPMENT_TEAM = 2RS77W5P49;
				INFOPLIST_FILE = calculatorUITests/Info.plist;
				LD_RUNPATH_SEARCH_PATHS = (
					"$(inherited)",
					"@executable_path/Frameworks",
					"@loader_path/Frameworks",
				);
				PRODUCT_BUNDLE_IDENTIFIER = bob.calculatorUITests;
				PRODUCT_NAME = "$(TARGET_NAME)";
				SWIFT_VERSION = 4.0;
				TARGETED_DEVICE_FAMILY = "1,2";
				TEST_TARGET_NAME = calculator;
			};
			name = Debug;
		};
		BD57205F23D8B6C600E106CB /* Release */ = {
			isa = XCBuildConfiguration;
			buildSettings = {
				ALWAYS_EMBED_SWIFT_STANDARD_LIBRARIES = YES;
				CODE_SIGN_STYLE = Automatic;
				DEVELOPMENT_TEAM = 2RS77W5P49;
				INFOPLIST_FILE = calculatorUITests/Info.plist;
				LD_RUNPATH_SEARCH_PATHS = (
					"$(inherited)",
					"@executable_path/Frameworks",
					"@loader_path/Frameworks",
				);
				PRODUCT_BUNDLE_IDENTIFIER = bob.calculatorUITests;
				PRODUCT_NAME = "$(TARGET_NAME)";
				SWIFT_VERSION = 4.0;
				TARGETED_DEVICE_FAMILY = "1,2";
				TEST_TARGET_NAME = calculator;
			};
			name = Release;
		};
/* End XCBuildConfiguration section */

/* Begin XCConfigurationList section */
		BD57202A23D8B6C500E106CB /* Build configuration list for PBXProject "calculator" */ = {
			isa = XCConfigurationList;
			buildConfigurations = (
				BD57205523D8B6C600E106CB /* Debug */,
				BD57205623D8B6C600E106CB /* Release */,
			);
			defaultConfigurationIsVisible = 0;
			defaultConfigurationName = Release;
		};
		BD57205723D8B6C600E106CB /* Build configuration list for PBXNativeTarget "calculator" */ = {
			isa = XCConfigurationList;
			buildConfigurations = (
				BD57205823D8B6C600E106CB /* Debug */,
				BD57205923D8B6C600E106CB /* Release */,
			);
			defaultConfigurationIsVisible = 0;
			defaultConfigurationName = Release;
		};
		BD57205A23D8B6C600E106CB /* Build configuration list for PBXNativeTarget "calculatorTests" */ = {
			isa = XCConfigurationList;
			buildConfigurations = (
				BD57205B23D8B6C600E106CB /* Debug */,
				BD57205C23D8B6C600E106CB /* Release */,
			);
			defaultConfigurationIsVisible = 0;
			defaultConfigurationName = Release;
		};
		BD57205D23D8B6C600E106CB /* Build configuration list for PBXNativeTarget "calculatorUITests" */ = {
			isa = XCConfigurationList;
			buildConfigurations = (
				BD57205E23D8B6C600E106CB /* Debug */,
				BD57205F23D8B6C600E106CB /* Release */,
			);
			defaultConfigurationIsVisible = 0;
			defaultConfigurationName = Release;
		};
/* End XCConfigurationList section */
	};
	rootObject = BD57202723D8B6C500E106CB /* Project object */;
}
